
Microsoft Visual Studio Solution File, Format Version 12.00
# Visual Studio Version 17
VisualStudioVersion = 17.7.34031.279
MinimumVisualStudioVersion = 10.0.40219.1
Project("{FAE04EC0-301F-11D3-BF4B-00C04F79EFBC}") = "Tasks", "Tasks\Tasks.csproj", "{78D37656-EB41-453C-8666-2CDCDC49D57E}"
EndProject
Global
	GlobalSection(SolutionConfigurationPlatforms) = preSolution
		Debug|Any CPU = Debug|Any CPU
		Release|Any CPU = Release|Any CPU
	EndGlobalSection
	GlobalSection(ProjectConfigurationPlatforms) = postSolution
		{78D37656-EB41-453C-8666-2CDCDC49D57E}.Debug|Any CPU.ActiveCfg = Debug|Any CPU
		{78D37656-EB41-453C-8666-2CDCDC49D57E}.Debug|Any CPU.Build.0 = Debug|Any CPU
		{78D37656-EB41-453C-8666-2CDCDC49D57E}.Release|Any CPU.ActiveCfg = Release|Any CPU
		{78D37656-EB41-453C-8666-2CDCDC49D57E}.Release|Any CPU.Build.0 = Release|Any CPU
	EndGlobalSection
	GlobalSection(SolutionProperties) = preSolution
		HideSolutionNode = FALSE
	EndGlobalSection
	GlobalSection(ExtensibilityGlobals) = postSolution
		SolutionGuid = {DB376244-EA0B-42BD-BA43-B00ED280E2D1}
	EndGlobalSection
EndGlobal
